
Microsoft Visual Studio Solution File, Format Version 12.00
# Visual Studio Version 17
VisualStudioVersion = 17.13.35919.96
MinimumVisualStudioVersion = 10.0.40219.1
Project("{2150E333-8FDC-42A3-9474-1A3956D46DE8}") = "Services", "Services", "{02EA681E-C7D8-13C7-8484-4AC65E1B71E8}"
EndProject
Project("{2150E333-8FDC-42A3-9474-1A3956D46DE8}") = "Catalog", "Catalog", "{FB794C34-5F4F-4B3C-B48B-837F9B0FD15D}"
EndProject
Project("{FAE04EC0-301F-11D3-BF4B-00C04F79EFBC}") = "FreeCourse.Services.Catalog", "Services\Catalog\FreeCourse.Services.Catalog\FreeCourse.Services.Catalog.csproj", "{1A0EA73E-6482-492A-86C1-F8FC2F663BB5}"
EndProject
Project("{2150E333-8FDC-42A3-9474-1A3956D46DE8}") = "Solution Items", "Solution Items", "{8EC462FD-D22E-90A8-E5CE-7E832BA40C5D}"
	ProjectSection(SolutionItems) = preProject
		Ports.txt = Ports.txt
	EndProjectSection
EndProject
Project("{2150E333-8FDC-42A3-9474-1A3956D46DE8}") = "Shared", "Shared", "{32BF8B43-3A49-4B7A-94A8-4F9A5695A63E}"
EndProject
Project("{FAE04EC0-301F-11D3-BF4B-00C04F79EFBC}") = "FreeCourse.Shared", "Shared\FreeCourse.Shared\FreeCourse.Shared.csproj", "{2E004DAE-5C54-45B8-95A0-539CE0E6FA9F}"
EndProject
Project("{2150E333-8FDC-42A3-9474-1A3956D46DE8}") = "IdentityServer", "IdentityServer", "{CEAB3C9E-AE24-40BF-B504-4D3A8F5AEFB7}"
EndProject
Project("{FAE04EC0-301F-11D3-BF4B-00C04F79EFBC}") = "FreeCourse.IdentityServer", "IdentityServer\FreeCourse.IdentityServer\FreeCourse.IdentityServer.csproj", "{8FB5AC7C-0625-A286-A14C-514F2E63D009}"
EndProject
Project("{2150E333-8FDC-42A3-9474-1A3956D46DE8}") = "PhotoStock", "PhotoStock", "{3B9F8093-4FA8-40F3-9897-AA39940ED723}"
EndProject
Project("{FAE04EC0-301F-11D3-BF4B-00C04F79EFBC}") = "FreeCourse.Services.PhotoStock", "Services\PhotoStock\FreeCourse.Services.PhotoStock\FreeCourse.Services.PhotoStock.csproj", "{5A7E2C41-3E1E-4CEC-8323-E31228E30E51}"
EndProject
Project("{2150E333-8FDC-42A3-9474-1A3956D46DE8}") = "Basket", "Basket", "{7B998096-98B2-4132-BB44-01D2E39E0E77}"
EndProject
Project("{FAE04EC0-301F-11D3-BF4B-00C04F79EFBC}") = "FreeCourse.Services.Basket", "Services\Basket\FreeCourse.Services.Basket\FreeCourse.Services.Basket.csproj", "{9C38B0DB-EF00-4CFB-BEE1-207105C25F1C}"
EndProject
Project("{2150E333-8FDC-42A3-9474-1A3956D46DE8}") = "Discount", "Discount", "{891B0740-9464-4296-963E-1FD2D5E0DA43}"
EndProject
Project("{FAE04EC0-301F-11D3-BF4B-00C04F79EFBC}") = "FreeCourse.Services.Discount", "Services\Dİscount\FreeCourse.Services.Discount\FreeCourse.Services.Discount.csproj", "{6A362F3B-DBF8-4C99-B72C-B868F7037CAB}"
EndProject
Project("{2150E333-8FDC-42A3-9474-1A3956D46DE8}") = "Order", "Order", "{8A519161-1C60-44D1-A57B-CC6B84C8E68A}"
EndProject
Project("{FAE04EC0-301F-11D3-BF4B-00C04F79EFBC}") = "FreeCourse.Services.Order.API", "Services\Order\FreeCourse.Services.Order.API\FreeCourse.Services.Order.API.csproj", "{7C1DA86D-F75B-42F1-B4E3-4A0F572895B8}"
EndProject
Project("{FAE04EC0-301F-11D3-BF4B-00C04F79EFBC}") = "FreeCourse.Services.Order.Application", "Services\Order\FreeCourse.Services.Order.Application\FreeCourse.Services.Order.Application.csproj", "{BD75D0F2-0706-4C69-9C3B-4CCDC24982B0}"
EndProject
Project("{FAE04EC0-301F-11D3-BF4B-00C04F79EFBC}") = "FreeCourse.Services.Order.Domain", "Services\Order\FreeCourse.Services.Order.Domain\FreeCourse.Services.Order.Domain.csproj", "{FA057929-2DE2-46CA-BCF6-B1EC0CFF6F59}"
EndProject
Project("{FAE04EC0-301F-11D3-BF4B-00C04F79EFBC}") = "FreeCourse.Services.Order.Domain.Core", "Services\Order\FreeCourse.Services.Order.Domain.Core\FreeCourse.Services.Order.Domain.Core.csproj", "{6183C7E3-2B97-46A7-AF04-F54F56C000C3}"
EndProject
Project("{FAE04EC0-301F-11D3-BF4B-00C04F79EFBC}") = "FreeCourse.Services.Order.Infrastructure", "Services\Order\FreeCourse.Services.Order.Infrastructure\FreeCourse.Services.Order.Infrastructure.csproj", "{40F91FD3-8F47-4859-8AC3-ED3679C26258}"
EndProject
Project("{2150E333-8FDC-42A3-9474-1A3956D46DE8}") = "FakePayment", "FakePayment", "{0BF21C36-23D7-46C9-B28E-C619E3A76EDC}"
EndProject
Project("{FAE04EC0-301F-11D3-BF4B-00C04F79EFBC}") = "FreeCourse.Services.FakePayment", "Services\FakePayment\FreeCourse.Services.FakePayment\FreeCourse.Services.FakePayment.csproj", "{5A3B47FB-4286-4581-A5A6-B3DE3C8EAD1B}"
EndProject
Global
	GlobalSection(SolutionConfigurationPlatforms) = preSolution
		Debug|Any CPU = Debug|Any CPU
		Release|Any CPU = Release|Any CPU
	EndGlobalSection
	GlobalSection(ProjectConfigurationPlatforms) = postSolution
		{1A0EA73E-6482-492A-86C1-F8FC2F663BB5}.Debug|Any CPU.ActiveCfg = Debug|Any CPU
		{1A0EA73E-6482-492A-86C1-F8FC2F663BB5}.Debug|Any CPU.Build.0 = Debug|Any CPU
		{1A0EA73E-6482-492A-86C1-F8FC2F663BB5}.Release|Any CPU.ActiveCfg = Release|Any CPU
		{1A0EA73E-6482-492A-86C1-F8FC2F663BB5}.Release|Any CPU.Build.0 = Release|Any CPU
		{2E004DAE-5C54-45B8-95A0-539CE0E6FA9F}.Debug|Any CPU.ActiveCfg = Debug|Any CPU
		{2E004DAE-5C54-45B8-95A0-539CE0E6FA9F}.Debug|Any CPU.Build.0 = Debug|Any CPU
		{2E004DAE-5C54-45B8-95A0-539CE0E6FA9F}.Release|Any CPU.ActiveCfg = Release|Any CPU
		{2E004DAE-5C54-45B8-95A0-539CE0E6FA9F}.Release|Any CPU.Build.0 = Release|Any CPU
		{8FB5AC7C-0625-A286-A14C-514F2E63D009}.Debug|Any CPU.ActiveCfg = Debug|Any CPU
		{8FB5AC7C-0625-A286-A14C-514F2E63D009}.Debug|Any CPU.Build.0 = Debug|Any CPU
		{8FB5AC7C-0625-A286-A14C-514F2E63D009}.Release|Any CPU.ActiveCfg = Release|Any CPU
		{8FB5AC7C-0625-A286-A14C-514F2E63D009}.Release|Any CPU.Build.0 = Release|Any CPU
		{5A7E2C41-3E1E-4CEC-8323-E31228E30E51}.Debug|Any CPU.ActiveCfg = Debug|Any CPU
		{5A7E2C41-3E1E-4CEC-8323-E31228E30E51}.Debug|Any CPU.Build.0 = Debug|Any CPU
		{5A7E2C41-3E1E-4CEC-8323-E31228E30E51}.Release|Any CPU.ActiveCfg = Release|Any CPU
		{5A7E2C41-3E1E-4CEC-8323-E31228E30E51}.Release|Any CPU.Build.0 = Release|Any CPU
		{9C38B0DB-EF00-4CFB-BEE1-207105C25F1C}.Debug|Any CPU.ActiveCfg = Debug|Any CPU
		{9C38B0DB-EF00-4CFB-BEE1-207105C25F1C}.Debug|Any CPU.Build.0 = Debug|Any CPU
		{9C38B0DB-EF00-4CFB-BEE1-207105C25F1C}.Release|Any CPU.ActiveCfg = Release|Any CPU
		{9C38B0DB-EF00-4CFB-BEE1-207105C25F1C}.Release|Any CPU.Build.0 = Release|Any CPU
		{6A362F3B-DBF8-4C99-B72C-B868F7037CAB}.Debug|Any CPU.ActiveCfg = Debug|Any CPU
		{6A362F3B-DBF8-4C99-B72C-B868F7037CAB}.Debug|Any CPU.Build.0 = Debug|Any CPU
		{6A362F3B-DBF8-4C99-B72C-B868F7037CAB}.Release|Any CPU.ActiveCfg = Release|Any CPU
		{6A362F3B-DBF8-4C99-B72C-B868F7037CAB}.Release|Any CPU.Build.0 = Release|Any CPU
		{7C1DA86D-F75B-42F1-B4E3-4A0F572895B8}.Debug|Any CPU.ActiveCfg = Debug|Any CPU
		{7C1DA86D-F75B-42F1-B4E3-4A0F572895B8}.Debug|Any CPU.Build.0 = Debug|Any CPU
		{7C1DA86D-F75B-42F1-B4E3-4A0F572895B8}.Release|Any CPU.ActiveCfg = Release|Any CPU
		{7C1DA86D-F75B-42F1-B4E3-4A0F572895B8}.Release|Any CPU.Build.0 = Release|Any CPU
		{BD75D0F2-0706-4C69-9C3B-4CCDC24982B0}.Debug|Any CPU.ActiveCfg = Debug|Any CPU
		{BD75D0F2-0706-4C69-9C3B-4CCDC24982B0}.Debug|Any CPU.Build.0 = Debug|Any CPU
		{BD75D0F2-0706-4C69-9C3B-4CCDC24982B0}.Release|Any CPU.ActiveCfg = Release|Any CPU
		{BD75D0F2-0706-4C69-9C3B-4CCDC24982B0}.Release|Any CPU.Build.0 = Release|Any CPU
		{FA057929-2DE2-46CA-BCF6-B1EC0CFF6F59}.Debug|Any CPU.ActiveCfg = Debug|Any CPU
		{FA057929-2DE2-46CA-BCF6-B1EC0CFF6F59}.Debug|Any CPU.Build.0 = Debug|Any CPU
		{FA057929-2DE2-46CA-BCF6-B1EC0CFF6F59}.Release|Any CPU.ActiveCfg = Release|Any CPU
		{FA057929-2DE2-46CA-BCF6-B1EC0CFF6F59}.Release|Any CPU.Build.0 = Release|Any CPU
		{6183C7E3-2B97-46A7-AF04-F54F56C000C3}.Debug|Any CPU.ActiveCfg = Debug|Any CPU
		{6183C7E3-2B97-46A7-AF04-F54F56C000C3}.Debug|Any CPU.Build.0 = Debug|Any CPU
		{6183C7E3-2B97-46A7-AF04-F54F56C000C3}.Release|Any CPU.ActiveCfg = Release|Any CPU
		{6183C7E3-2B97-46A7-AF04-F54F56C000C3}.Release|Any CPU.Build.0 = Release|Any CPU
		{40F91FD3-8F47-4859-8AC3-ED3679C26258}.Debug|Any CPU.ActiveCfg = Debug|Any CPU
		{40F91FD3-8F47-4859-8AC3-ED3679C26258}.Debug|Any CPU.Build.0 = Debug|Any CPU
		{40F91FD3-8F47-4859-8AC3-ED3679C26258}.Release|Any CPU.ActiveCfg = Release|Any CPU
		{40F91FD3-8F47-4859-8AC3-ED3679C26258}.Release|Any CPU.Build.0 = Release|Any CPU
		{5A3B47FB-4286-4581-A5A6-B3DE3C8EAD1B}.Debug|Any CPU.ActiveCfg = Debug|Any CPU
		{5A3B47FB-4286-4581-A5A6-B3DE3C8EAD1B}.Debug|Any CPU.Build.0 = Debug|Any CPU
		{5A3B47FB-4286-4581-A5A6-B3DE3C8EAD1B}.Release|Any CPU.ActiveCfg = Release|Any CPU
		{5A3B47FB-4286-4581-A5A6-B3DE3C8EAD1B}.Release|Any CPU.Build.0 = Release|Any CPU
	EndGlobalSection
	GlobalSection(SolutionProperties) = preSolution
		HideSolutionNode = FALSE
	EndGlobalSection
	GlobalSection(NestedProjects) = preSolution
		{FB794C34-5F4F-4B3C-B48B-837F9B0FD15D} = {02EA681E-C7D8-13C7-8484-4AC65E1B71E8}
		{1A0EA73E-6482-492A-86C1-F8FC2F663BB5} = {FB794C34-5F4F-4B3C-B48B-837F9B0FD15D}
		{2E004DAE-5C54-45B8-95A0-539CE0E6FA9F} = {32BF8B43-3A49-4B7A-94A8-4F9A5695A63E}
		{8FB5AC7C-0625-A286-A14C-514F2E63D009} = {CEAB3C9E-AE24-40BF-B504-4D3A8F5AEFB7}
		{3B9F8093-4FA8-40F3-9897-AA39940ED723} = {02EA681E-C7D8-13C7-8484-4AC65E1B71E8}
		{5A7E2C41-3E1E-4CEC-8323-E31228E30E51} = {3B9F8093-4FA8-40F3-9897-AA39940ED723}
		{7B998096-98B2-4132-BB44-01D2E39E0E77} = {02EA681E-C7D8-13C7-8484-4AC65E1B71E8}
		{9C38B0DB-EF00-4CFB-BEE1-207105C25F1C} = {7B998096-98B2-4132-BB44-01D2E39E0E77}
		{891B0740-9464-4296-963E-1FD2D5E0DA43} = {02EA681E-C7D8-13C7-8484-4AC65E1B71E8}
		{6A362F3B-DBF8-4C99-B72C-B868F7037CAB} = {891B0740-9464-4296-963E-1FD2D5E0DA43}
		{8A519161-1C60-44D1-A57B-CC6B84C8E68A} = {02EA681E-C7D8-13C7-8484-4AC65E1B71E8}
		{7C1DA86D-F75B-42F1-B4E3-4A0F572895B8} = {8A519161-1C60-44D1-A57B-CC6B84C8E68A}
		{BD75D0F2-0706-4C69-9C3B-4CCDC24982B0} = {8A519161-1C60-44D1-A57B-CC6B84C8E68A}
		{FA057929-2DE2-46CA-BCF6-B1EC0CFF6F59} = {8A519161-1C60-44D1-A57B-CC6B84C8E68A}
		{6183C7E3-2B97-46A7-AF04-F54F56C000C3} = {8A519161-1C60-44D1-A57B-CC6B84C8E68A}
		{40F91FD3-8F47-4859-8AC3-ED3679C26258} = {8A519161-1C60-44D1-A57B-CC6B84C8E68A}
		{0BF21C36-23D7-46C9-B28E-C619E3A76EDC} = {02EA681E-C7D8-13C7-8484-4AC65E1B71E8}
		{5A3B47FB-4286-4581-A5A6-B3DE3C8EAD1B} = {0BF21C36-23D7-46C9-B28E-C619E3A76EDC}
	EndGlobalSection
	GlobalSection(ExtensibilityGlobals) = postSolution
		SolutionGuid = {B0777223-FF16-4E7B-B836-0C257A6FBB4C}
	EndGlobalSection
EndGlobal
